PODS:
  - Alamofire (4.8.2)
  - CocoaLumberjack (3.5.3):
    - CocoaLumberjack/Core (= 3.5.3)
  - CocoaLumberjack/Core (3.5.3)
  - iOS_Bootstrap (1.5.7):
    - IQKeyboardManagerSwift (= 6.0.4)
    - Moya/RxSwift (~> 13.0)
  - IQKeyboardManagerSwift (6.0.4)
  - Moya/Core (13.0.1):
    - Alamofire (~> 4.1)
    - Result (~> 4.1)
  - Moya/RxSwift (13.0.1):
    - Moya/Core
    - RxSwift (~> 4.0)
  - Realm (3.16.2):
    - Realm/Headers (= 3.16.2)
  - Realm/Headers (3.16.2)
  - RealmSwift (3.16.2):
    - Realm (= 3.16.2)
  - Result (4.1.0)
  - RxCocoa (4.5.0):
    - RxSwift (>= 4.4.2, ~> 4.4)
  - RxSwift (4.5.0)
  - SVGKit (2.1.1):
    - CocoaLumberjack (~> 3.0)

DEPENDENCIES:
  - iOS_Bootstrap (from `../`)
  - RealmSwift
  - RxCocoa (~> 4.0)
  - SVGKit

SPEC REPOS:
  https://github.com/cocoapods/specs.git:
    - Alamofire
    - CocoaLumberjack
    - IQKeyboardManagerSwift
    - Moya
    - Realm
    - RealmSwift
    - Result
    - RxCocoa
    - RxSwift
    - SVGKit

EXTERNAL SOURCES:
  iOS_Bootstrap:
    :path: "../"

SPEC CHECKSUMS:
  Alamofire: ae5c501addb7afdbb13687d7f2f722c78734c2d3
  CocoaLumberjack: 2f44e60eb91c176d471fdba43b9e3eae6a721947
  iOS_Bootstrap: d02117306b80af735758894c61b990625116b744
  IQKeyboardManagerSwift: 36dbe324b4f9793f5f41ba5227f3e7c76dfefd50
  Moya: f4a4b80ff2f8a4ffc208dfb31cd91636622fee6e
  Realm: 0e73b4edeb5b6a90da3d83206883b2e34e00eb38
  RealmSwift: a81e650171ef0a5f999df1ed8d39ba8d6fce88a4
  Result: bd966fac789cc6c1563440b348ab2598cc24d5c7
  RxCocoa: cbf70265dc65a981d4ac982e513c10cf23df24a0
  RxSwift: f172070dfd1a93d70a9ab97a5a01166206e1c575
  SVGKit: 652cdf7bef8bec8564d04a8511d3ab50c7595fac

PODFILE CHECKSUM: 4eca9ef9c3ea5463b85740740b23a30cdf651e2d

COCOAPODS: 1.6.1
