PODS:
  - Alamofire (5.4.0)
  - CocoaLumberjack (3.6.1):
    - CocoaLumberjack/Core (= 3.6.1)
  - CocoaLumberjack/Core (3.6.1)
  - iOS_Bootstrap (1.7.6):
    - Alamofire (~> 5.2)
    - IQKeyboardManagerSwift (= 6.0.4)
    - RxSwift (~> 6.0.0-rc.2)
  - IQKeyboardManagerSwift (6.0.4)
  - Realm (4.3.2):
    - Realm/Headers (= 4.3.2)
  - Realm/Headers (4.3.2)
  - RealmSwift (4.3.2):
    - Realm (= 4.3.2)
  - Resolver (1.1.2)
  - RxCocoa (6.0.0-rc.2):
    - RxRelay (= 6.0.0-rc.2)
    - RxSwift (= 6.0.0-rc.2)
  - RxRelay (6.0.0-rc.2):
    - RxSwift (= 6.0.0-rc.2)
  - RxSwift (6.0.0-rc.2)
  - SVGKit (2.1.1):
    - CocoaLumberjack (~> 3.0)

DEPENDENCIES:
  - iOS_Bootstrap (from `../`)
  - Realm
  - RealmSwift
  - Resolver
  - RxCocoa (~> 6.0.0-rc.2)
  - SVGKit

SPEC REPOS:
  trunk:
    - Alamofire
    - CocoaLumberjack
    - IQKeyboardManagerSwift
    - Realm
    - RealmSwift
    - Resolver
    - RxCocoa
    - RxRelay
    - RxSwift
    - SVGKit

EXTERNAL SOURCES:
  iOS_Bootstrap:
    :path: "../"

SPEC CHECKSUMS:
  Alamofire: 3b6a534a3df22db367e4dedeeca73d1ddfcf0e2f
  CocoaLumberjack: b17ae15142558d08bbacf69775fa10c4abbebcc9
  iOS_Bootstrap: a06ff1d9da6bbfdad825e5e085401eb39f08118a
  IQKeyboardManagerSwift: 36dbe324b4f9793f5f41ba5227f3e7c76dfefd50
  Realm: 5e92902e2875dff4bb0fd02f67bb737c3d5db2bc
  RealmSwift: 9a360fc7bae04fc2e308a34fbd899d5faa2d6b22
  Resolver: e04ca5a9a19906f2e5cdceb2b90edd3b5daed049
  RxCocoa: 38445a25751be5907f52f7ea02c137f52ce2e7f2
  RxRelay: b9e2483e83f46e4e7bf1234c6fe418e5c2eaf825
  RxSwift: ada35be6643bedf6881cdbd6bbfb27aeea527670
  SVGKit: 652cdf7bef8bec8564d04a8511d3ab50c7595fac

PODFILE CHECKSUM: 7de946c8ebc4b1538a440847e4819c64655d991c

COCOAPODS: 1.10.0
