PODS:
  - Alamofire (4.9.0)
  - CocoaLumberjack (3.6.0):
    - CocoaLumberjack/Core (= 3.6.0)
  - CocoaLumberjack/Core (3.6.0)
  - iOS_Bootstrap (1.7.0):
    - IQKeyboardManagerSwift (= 6.0.4)
    - Moya/RxSwift (~> 13.0)
  - IQKeyboardManagerSwift (6.0.4)
  - Moya/Core (13.0.1):
    - Alamofire (~> 4.1)
    - Result (~> 4.1)
  - Moya/RxSwift (13.0.1):
    - Moya/Core
    - RxSwift (~> 4.0)
  - Resolver (1.1.1)
  - Result (4.1.0)
  - RxCocoa (4.5.0):
    - RxSwift (>= 4.4.2, ~> 4.4)
  - RxSwift (4.5.0)
  - SVGKit (2.1.1):
    - CocoaLumberjack (~> 3.0)

DEPENDENCIES:
  - iOS_Bootstrap (from `../`)
  - Resolver (~> 1.1.1)
  - RxCocoa (~> 4.0)
  - SVGKit

SPEC REPOS:
  https://github.com/CocoaPods/Specs.git:
    - Alamofire
    - IQKeyboardManagerSwift
    - Moya
    - Result
    - RxCocoa
    - RxSwift
  trunk:
    - CocoaLumberjack
    - Resolver
    - SVGKit

EXTERNAL SOURCES:
  iOS_Bootstrap:
    :path: "../"

SPEC CHECKSUMS:
  Alamofire: afc3e7c6db61476cb45cdd23fed06bad03bbc321
  CocoaLumberjack: 78b0c238666f4f58db069738ec176f4519557516
  iOS_Bootstrap: 2121bc1a354b0da36e784aea587338451f21c874
  IQKeyboardManagerSwift: 36dbe324b4f9793f5f41ba5227f3e7c76dfefd50
  Moya: f4a4b80ff2f8a4ffc208dfb31cd91636622fee6e
  Resolver: 13bf2462d6790f67fa6fa45f3753db8199706fc3
  Result: bd966fac789cc6c1563440b348ab2598cc24d5c7
  RxCocoa: cbf70265dc65a981d4ac982e513c10cf23df24a0
  RxSwift: f172070dfd1a93d70a9ab97a5a01166206e1c575
  SVGKit: 652cdf7bef8bec8564d04a8511d3ab50c7595fac

PODFILE CHECKSUM: c5ae21f3b0ca61dfa1d621ef4075ade9b7c0f57a

COCOAPODS: 1.8.4
