PODS:
  - Alamofire (4.7.2)
  - HandyJSON (4.0.0-beta.1)
  - Moya (11.0.2):
    - Moya/Core (= 11.0.2)
  - Moya/Core (11.0.2):
    - Alamofire (~> 4.1)
    - Result (~> 3.0)
  - Moya/RxSwift (11.0.2):
    - Moya/Core
    - RxSwift (~> 4.0)
  - MoyaSugar/Core (1.1.0):
    - Moya (>= 10.0.0)
  - MoyaSugar/RxSwift (1.1.0):
    - Moya/RxSwift (>= 10.0.0)
    - MoyaSugar/Core
    - RxSwift (>= 4.0.0)
  - Result (3.2.4)
  - RxSwift (4.1.2)

DEPENDENCIES:
  - HandyJSON (~> 4.0.0-beta.1)
  - MoyaSugar/RxSwift (~> 1.1)
  - RxSwift

SPEC REPOS:
  https://github.com/cocoapods/specs.git:
    - Alamofire
    - HandyJSON
    - Moya
    - MoyaSugar
    - Result
    - RxSwift

SPEC CHECKSUMS:
  Alamofire: e4fa87002c137ba2d8d634d2c51fabcda0d5c223
  HandyJSON: 428bb18e2c34c2a77361accebf90cf64e4f74118
  Moya: a725035953bc1c0eb1be505ab903984501d82440
  MoyaSugar: b64e677454f1a4b3745e1c5b16e1c9d1b109d04f
  Result: d2d07204ce72856f1fd9130bbe42c35a7b0fea10
  RxSwift: e49536837d9901277638493ea537394d4b55f570

PODFILE CHECKSUM: 8162ff25855b7dee8deadb21f54aa164441e493d

COCOAPODS: 1.5.3
