// !$*UTF8*$!
{
	archiveVersion = 1;
	classes = {
	};
	objectVersion = 46;
	objects = {

/* Begin PBXBuildFile section */
		1A0893A1DC765D66C155CB2A /* Pods_iOS_Bootstrap_Tests.framework in Frameworks */ = {isa = PBXBuildFile; fileRef = 030F91B99A04B8B61BBF6E44 /* Pods_iOS_Bootstrap_Tests.framework */; };
		607FACD61AFB9204008FA782 /* AppDelegate.swift in Sources */ = {isa = PBXBuildFile; fileRef = 607FACD51AFB9204008FA782 /* AppDelegate.swift */; };
		607FACD81AFB9204008FA782 /* ViewController.swift in Sources */ = {isa = PBXBuildFile; fileRef = 607FACD71AFB9204008FA782 /* ViewController.swift */; };
		607FACDB1AFB9204008FA782 /* Main.storyboard in Resources */ = {isa = PBXBuildFile; fileRef = 607FACD91AFB9204008FA782 /* Main.storyboard */; };
		607FACDD1AFB9204008FA782 /* Images.xcassets in Resources */ = {isa = PBXBuildFile; fileRef = 607FACDC1AFB9204008FA782 /* Images.xcassets */; };
		607FACE01AFB9204008FA782 /* LaunchScreen.xib in Resources */ = {isa = PBXBuildFile; fileRef = 607FACDE1AFB9204008FA782 /* LaunchScreen.xib */; };
		607FACEC1AFB9204008FA782 /* Tests.swift in Sources */ = {isa = PBXBuildFile; fileRef = 607FACEB1AFB9204008FA782 /* Tests.swift */; };
		9CFC36298DCEDAF62396EF16 /* Pods_iOS_Bootstrap_Example.framework in Frameworks */ = {isa = PBXBuildFile; fileRef = 56D137F84A69B1F899F3E224 /* Pods_iOS_Bootstrap_Example.framework */; settings = {ATTRIBUTES = (Required, ); }; };
		C902036F20F571C100A63492 /* Navigator.swift in Sources */ = {isa = PBXBuildFile; fileRef = C902036E20F571C100A63492 /* Navigator.swift */; };
		C915C58D20CAAADE0029F5D9 /* TableExampleView.swift in Sources */ = {isa = PBXBuildFile; fileRef = C915C58C20CAAADE0029F5D9 /* TableExampleView.swift */; };
		C915C59C20CAC1F10029F5D9 /* TableViewCell.swift in Sources */ = {isa = PBXBuildFile; fileRef = C915C59A20CAC1F10029F5D9 /* TableViewCell.swift */; };
		C915C59D20CAC1F10029F5D9 /* TableViewCell.xib in Resources */ = {isa = PBXBuildFile; fileRef = C915C59B20CAC1F10029F5D9 /* TableViewCell.xib */; };
		C91FC70E2111A62400A199F0 /* TableController.swift in Sources */ = {isa = PBXBuildFile; fileRef = C91FC70D2111A62400A199F0 /* TableController.swift */; };
		C91FC7172112FE8800A199F0 /* Environment.swift in Sources */ = {isa = PBXBuildFile; fileRef = C91FC7162112FE8800A199F0 /* Environment.swift */; };
		C91FC7192113092600A199F0 /* GlobalKeys.swift in Sources */ = {isa = PBXBuildFile; fileRef = C91FC7182113092600A199F0 /* GlobalKeys.swift */; };
		C923619E2102AA7C00C2B630 /* User.swift in Sources */ = {isa = PBXBuildFile; fileRef = C923619D2102AA7C00C2B630 /* User.swift */; };
		C92361A02102AA9200C2B630 /* Page.swift in Sources */ = {isa = PBXBuildFile; fileRef = C923619F2102AA9200C2B630 /* Page.swift */; };
		C92361A32102B0FE00C2B630 /* UserCell.swift in Sources */ = {isa = PBXBuildFile; fileRef = C92361A12102B0FE00C2B630 /* UserCell.swift */; };
		C92361A42102B0FE00C2B630 /* UserCell.xib in Resources */ = {isa = PBXBuildFile; fileRef = C92361A22102B0FE00C2B630 /* UserCell.xib */; };
		C9316DBE20D6717C00FB6A6A /* CountriesReusableTable.swift in Sources */ = {isa = PBXBuildFile; fileRef = C9316DBD20D6717C00FB6A6A /* CountriesReusableTable.swift */; };
		C9555AAD20E8171C007A698D /* MyPresenter.swift in Sources */ = {isa = PBXBuildFile; fileRef = C9555AAB20E8171B007A698D /* MyPresenter.swift */; };
		C9555AAE20E8171C007A698D /* MyViewControllerDelegator.swift in Sources */ = {isa = PBXBuildFile; fileRef = C9555AAC20E8171B007A698D /* MyViewControllerDelegator.swift */; };
		C9555AB020E8174B007A698D /* MyViewController.swift in Sources */ = {isa = PBXBuildFile; fileRef = C9555AAF20E8174B007A698D /* MyViewController.swift */; };
		C9555AB220E925AB007A698D /* Translations.swift in Sources */ = {isa = PBXBuildFile; fileRef = C9555AB120E925AB007A698D /* Translations.swift */; };
		C966063E2114A04C00E2D38A /* Localizable.strings in Resources */ = {isa = PBXBuildFile; fileRef = C96606402114A04C00E2D38A /* Localizable.strings */; };
		C96606482114A12B00E2D38A /* Home.storyboard in Resources */ = {isa = PBXBuildFile; fileRef = C966064A2114A12B00E2D38A /* Home.storyboard */; };
		C99AA05A21871BBB001683B8 /* Menu.storyboard in Resources */ = {isa = PBXBuildFile; fileRef = C99AA05921871BBB001683B8 /* Menu.storyboard */; };
		C99AA05C21872013001683B8 /* SideMenuViewController.swift in Sources */ = {isa = PBXBuildFile; fileRef = C99AA05B21872013001683B8 /* SideMenuViewController.swift */; };
		C99AA0622187388C001683B8 /* SwiftViewController.swift in Sources */ = {isa = PBXBuildFile; fileRef = C99AA05E2187388B001683B8 /* SwiftViewController.swift */; };
		C99AA0632187388C001683B8 /* JavaViewController.swift in Sources */ = {isa = PBXBuildFile; fileRef = C99AA05F2187388B001683B8 /* JavaViewController.swift */; };
		C99AA0642187388C001683B8 /* RubyViewController.swift in Sources */ = {isa = PBXBuildFile; fileRef = C99AA0602187388B001683B8 /* RubyViewController.swift */; };
		C99AA0652187388C001683B8 /* GoViewController.swift in Sources */ = {isa = PBXBuildFile; fileRef = C99AA0612187388C001683B8 /* GoViewController.swift */; };
		C99AA06F218740CD001683B8 /* SideMenuCell.swift in Sources */ = {isa = PBXBuildFile; fileRef = C99AA06D218740CD001683B8 /* SideMenuCell.swift */; };
		C99AA070218740CD001683B8 /* SideMenuCell.xib in Resources */ = {isa = PBXBuildFile; fileRef = C99AA06E218740CD001683B8 /* SideMenuCell.xib */; };
		C99AA0812187D360001683B8 /* MyMenuItemViewController.swift in Sources */ = {isa = PBXBuildFile; fileRef = C99AA0802187D360001683B8 /* MyMenuItemViewController.swift */; };
		C99AA0842187D3D0001683B8 /* GoViewDelegator.swift in Sources */ = {isa = PBXBuildFile; fileRef = C99AA0832187D3D0001683B8 /* GoViewDelegator.swift */; };
		C99AA0862187D3E2001683B8 /* GoPresenter.swift in Sources */ = {isa = PBXBuildFile; fileRef = C99AA0852187D3E2001683B8 /* GoPresenter.swift */; };
		C99AA08B21884526001683B8 /* SwiftViewDelegator.swift in Sources */ = {isa = PBXBuildFile; fileRef = C99AA08A21884526001683B8 /* SwiftViewDelegator.swift */; };
		C99AA08D2188455E001683B8 /* SwiftPresenter.swift in Sources */ = {isa = PBXBuildFile; fileRef = C99AA08C2188455E001683B8 /* SwiftPresenter.swift */; };
		C99AA08F218845C9001683B8 /* JavaViewDelegator.swift in Sources */ = {isa = PBXBuildFile; fileRef = C99AA08E218845C9001683B8 /* JavaViewDelegator.swift */; };
		C99AA091218845E7001683B8 /* JavaPresenter.swift in Sources */ = {isa = PBXBuildFile; fileRef = C99AA090218845E7001683B8 /* JavaPresenter.swift */; };
		C99AA09321884633001683B8 /* RubyViewDelegator.swift in Sources */ = {isa = PBXBuildFile; fileRef = C99AA09221884633001683B8 /* RubyViewDelegator.swift */; };
		C99AA09521884652001683B8 /* RubyPresenter.swift in Sources */ = {isa = PBXBuildFile; fileRef = C99AA09421884652001683B8 /* RubyPresenter.swift */; };
		C99AA098218847E4001683B8 /* SideMenuPresenter.swift in Sources */ = {isa = PBXBuildFile; fileRef = C99AA097218847E4001683B8 /* SideMenuPresenter.swift */; };
		C99AA09A21884803001683B8 /* SideMenuViewDelegator.swift in Sources */ = {isa = PBXBuildFile; fileRef = C99AA09921884803001683B8 /* SideMenuViewDelegator.swift */; };
		C99AA09C21884824001683B8 /* ExampleMenuModel.swift in Sources */ = {isa = PBXBuildFile; fileRef = C99AA09B21884824001683B8 /* ExampleMenuModel.swift */; };
		C99AA0A121886120001683B8 /* MySlidingMenu.swift in Sources */ = {isa = PBXBuildFile; fileRef = C99AA0A021886120001683B8 /* MySlidingMenu.swift */; };
		C99EA60320CB3D7900D7C158 /* HumanReadableErrorHandler.swift in Sources */ = {isa = PBXBuildFile; fileRef = C99EA60020CB3D7800D7C158 /* HumanReadableErrorHandler.swift */; };
		C99EA60420CB3D7900D7C158 /* APIs.swift in Sources */ = {isa = PBXBuildFile; fileRef = C99EA60120CB3D7800D7C158 /* APIs.swift */; };
		C99EA60520CB3D7900D7C158 /* API_Connector.swift in Sources */ = {isa = PBXBuildFile; fileRef = C99EA60220CB3D7800D7C158 /* API_Connector.swift */; };
		C99EA61F20CB466300D7C158 /* Country.swift in Sources */ = {isa = PBXBuildFile; fileRef = C99EA61E20CB466300D7C158 /* Country.swift */; };
		C99EA63920CBECFB00D7C158 /* Storyboards.swift in Sources */ = {isa = PBXBuildFile; fileRef = C99EA63820CBECFB00D7C158 /* Storyboards.swift */; };
		C99EA63F20CBF0DB00D7C158 /* HomeVC.swift in Sources */ = {isa = PBXBuildFile; fileRef = C99EA63E20CBF0DB00D7C158 /* HomeVC.swift */; };
		C9AF5B2221599F2A00C1FED3 /* ErrorModel.swift in Sources */ = {isa = PBXBuildFile; fileRef = C9AF5B2121599F2A00C1FED3 /* ErrorModel.swift */; };
		C9CFACE9210654DA00587F66 /* MVC_View.swift in Sources */ = {isa = PBXBuildFile; fileRef = C9CFACE8210654DA00587F66 /* MVC_View.swift */; };
		C9CFACEB210654FC00587F66 /* MVC_Controller.swift in Sources */ = {isa = PBXBuildFile; fileRef = C9CFACEA210654FC00587F66 /* MVC_Controller.swift */; };
/* End PBXBuildFile section */

/* Begin PBXContainerItemProxy section */
		607FACE61AFB9204008FA782 /* PBXContainerItemProxy */ = {
			isa = PBXContainerItemProxy;
			containerPortal = 607FACC81AFB9204008FA782 /* Project object */;
			proxyType = 1;
			remoteGlobalIDString = 607FACCF1AFB9204008FA782;
			remoteInfo = iOS_Bootstrap;
		};
/* End PBXContainerItemProxy section */

/* Begin PBXFileReference section */
		02AD38A85034A36F33A10CA8 /* README.md */ = {isa = PBXFileReference; includeInIndex = 1; lastKnownFileType = net.daringfireball.markdown; name = README.md; path = ../README.md; sourceTree = "<group>"; };
		030F91B99A04B8B61BBF6E44 /* Pods_iOS_Bootstrap_Tests.framework */ = {isa = PBXFileReference; explicitFileType = wrapper.framework; includeInIndex = 0; path = Pods_iOS_Bootstrap_Tests.framework; sourceTree = BUILT_PRODUCTS_DIR; };
		391E8062EDB4ACBF62F604AF /* Pods-iOS_Bootstrap_Example.release.xcconfig */ = {isa = PBXFileReference; includeInIndex = 1; lastKnownFileType = text.xcconfig; name = "Pods-iOS_Bootstrap_Example.release.xcconfig"; path = "Pods/Target Support Files/Pods-iOS_Bootstrap_Example/Pods-iOS_Bootstrap_Example.release.xcconfig"; sourceTree = "<group>"; };
		56D137F84A69B1F899F3E224 /* Pods_iOS_Bootstrap_Example.framework */ = {isa = PBXFileReference; explicitFileType = wrapper.framework; includeInIndex = 0; path = Pods_iOS_Bootstrap_Example.framework; sourceTree = BUILT_PRODUCTS_DIR; };
		607FACD01AFB9204008FA782 /* iOS_Bootstrap_Example.app */ = {isa = PBXFileReference; explicitFileType = wrapper.application; includeInIndex = 0; path = iOS_Bootstrap_Example.app; sourceTree = BUILT_PRODUCTS_DIR; };
		607FACD41AFB9204008FA782 /* Info.plist */ = {isa = PBXFileReference; lastKnownFileType = text.plist.xml; path = Info.plist; sourceTree = "<group>"; };
		607FACD51AFB9204008FA782 /* AppDelegate.swift */ = {isa = PBXFileReference; lastKnownFileType = sourcecode.swift; path = AppDelegate.swift; sourceTree = "<group>"; };
		607FACD71AFB9204008FA782 /* ViewController.swift */ = {isa = PBXFileReference; lastKnownFileType = sourcecode.swift; path = ViewController.swift; sourceTree = "<group>"; };
		607FACDA1AFB9204008FA782 /* Base */ = {isa = PBXFileReference; lastKnownFileType = file.storyboard; name = Base; path = Base.lproj/Main.storyboard; sourceTree = "<group>"; };
		607FACDC1AFB9204008FA782 /* Images.xcassets */ = {isa = PBXFileReference; lastKnownFileType = folder.assetcatalog; path = Images.xcassets; sourceTree = "<group>"; };
		607FACDF1AFB9204008FA782 /* Base */ = {isa = PBXFileReference; lastKnownFileType = file.xib; name = Base; path = Base.lproj/LaunchScreen.xib; sourceTree = "<group>"; };
		607FACE51AFB9204008FA782 /* iOS_Bootstrap_Tests.xctest */ = {isa = PBXFileReference; explicitFileType = wrapper.cfbundle; includeInIndex = 0; path = iOS_Bootstrap_Tests.xctest; sourceTree = BUILT_PRODUCTS_DIR; };
		607FACEA1AFB9204008FA782 /* Info.plist */ = {isa = PBXFileReference; lastKnownFileType = text.plist.xml; path = Info.plist; sourceTree = "<group>"; };
		607FACEB1AFB9204008FA782 /* Tests.swift */ = {isa = PBXFileReference; lastKnownFileType = sourcecode.swift; path = Tests.swift; sourceTree = "<group>"; };
		6EF0DDB201FCB6637EF098C8 /* Pods-iOS_Bootstrap_Example.staging.xcconfig */ = {isa = PBXFileReference; includeInIndex = 1; lastKnownFileType = text.xcconfig; name = "Pods-iOS_Bootstrap_Example.staging.xcconfig"; path = "Pods/Target Support Files/Pods-iOS_Bootstrap_Example/Pods-iOS_Bootstrap_Example.staging.xcconfig"; sourceTree = "<group>"; };
		876F4E4DF9532FA87A402CC4 /* Pods-iOS_Bootstrap_Tests.release.xcconfig */ = {isa = PBXFileReference; includeInIndex = 1; lastKnownFileType = text.xcconfig; name = "Pods-iOS_Bootstrap_Tests.release.xcconfig"; path = "Pods/Target Support Files/Pods-iOS_Bootstrap_Tests/Pods-iOS_Bootstrap_Tests.release.xcconfig"; sourceTree = "<group>"; };
		9CCFB36A3BA0ACD17B0068E4 /* Pods-iOS_Bootstrap_Tests.debug.xcconfig */ = {isa = PBXFileReference; includeInIndex = 1; lastKnownFileType = text.xcconfig; name = "Pods-iOS_Bootstrap_Tests.debug.xcconfig"; path = "Pods/Target Support Files/Pods-iOS_Bootstrap_Tests/Pods-iOS_Bootstrap_Tests.debug.xcconfig"; sourceTree = "<group>"; };
		9CD613CB2DA2C8BEF5721F8D /* Pods-iOS_Bootstrap_Tests.staging.xcconfig */ = {isa = PBXFileReference; includeInIndex = 1; lastKnownFileType = text.xcconfig; name = "Pods-iOS_Bootstrap_Tests.staging.xcconfig"; path = "Pods/Target Support Files/Pods-iOS_Bootstrap_Tests/Pods-iOS_Bootstrap_Tests.staging.xcconfig"; sourceTree = "<group>"; };
		C902036E20F571C100A63492 /* Navigator.swift */ = {isa = PBXFileReference; lastKnownFileType = sourcecode.swift; path = Navigator.swift; sourceTree = "<group>"; };
		C915C58C20CAAADE0029F5D9 /* TableExampleView.swift */ = {isa = PBXFileReference; lastKnownFileType = sourcecode.swift; path = TableExampleView.swift; sourceTree = "<group>"; };
		C915C59A20CAC1F10029F5D9 /* TableViewCell.swift */ = {isa = PBXFileReference; lastKnownFileType = sourcecode.swift; path = TableViewCell.swift; sourceTree = "<group>"; };
		C915C59B20CAC1F10029F5D9 /* TableViewCell.xib */ = {isa = PBXFileReference; lastKnownFileType = file.xib; path = TableViewCell.xib; sourceTree = "<group>"; };
		C91FC70D2111A62400A199F0 /* TableController.swift */ = {isa = PBXFileReference; lastKnownFileType = sourcecode.swift; path = TableController.swift; sourceTree = "<group>"; };
		C91FC7162112FE8800A199F0 /* Environment.swift */ = {isa = PBXFileReference; lastKnownFileType = sourcecode.swift; path = Environment.swift; sourceTree = "<group>"; };
		C91FC7182113092600A199F0 /* GlobalKeys.swift */ = {isa = PBXFileReference; lastKnownFileType = sourcecode.swift; path = GlobalKeys.swift; sourceTree = "<group>"; };
		C923619D2102AA7C00C2B630 /* User.swift */ = {isa = PBXFileReference; lastKnownFileType = sourcecode.swift; path = User.swift; sourceTree = "<group>"; };
		C923619F2102AA9200C2B630 /* Page.swift */ = {isa = PBXFileReference; lastKnownFileType = sourcecode.swift; path = Page.swift; sourceTree = "<group>"; };
		C92361A12102B0FE00C2B630 /* UserCell.swift */ = {isa = PBXFileReference; lastKnownFileType = sourcecode.swift; path = UserCell.swift; sourceTree = "<group>"; };
		C92361A22102B0FE00C2B630 /* UserCell.xib */ = {isa = PBXFileReference; lastKnownFileType = file.xib; path = UserCell.xib; sourceTree = "<group>"; };
		C9316DBD20D6717C00FB6A6A /* CountriesReusableTable.swift */ = {isa = PBXFileReference; lastKnownFileType = sourcecode.swift; path = CountriesReusableTable.swift; sourceTree = "<group>"; };
		C94D407021162AF4002E7623 /* ar-EG */ = {isa = PBXFileReference; fileEncoding = 4; lastKnownFileType = text.plist.strings; name = "ar-EG"; path = "ar-EG.lproj/Localizable.strings"; sourceTree = "<group>"; };
		C94D407821162C14002E7623 /* Base */ = {isa = PBXFileReference; lastKnownFileType = text.plist.strings; name = Base; path = Base.lproj/Localizable.strings; sourceTree = "<group>"; };
		C9555AAB20E8171B007A698D /* MyPresenter.swift */ = {isa = PBXFileReference; fileEncoding = 4; lastKnownFileType = sourcecode.swift; path = MyPresenter.swift; sourceTree = "<group>"; };
		C9555AAC20E8171B007A698D /* MyViewControllerDelegator.swift */ = {isa = PBXFileReference; fileEncoding = 4; lastKnownFileType = sourcecode.swift; path = MyViewControllerDelegator.swift; sourceTree = "<group>"; };
		C9555AAF20E8174B007A698D /* MyViewController.swift */ = {isa = PBXFileReference; lastKnownFileType = sourcecode.swift; path = MyViewController.swift; sourceTree = "<group>"; };
		C9555AB120E925AB007A698D /* Translations.swift */ = {isa = PBXFileReference; lastKnownFileType = sourcecode.swift; path = Translations.swift; sourceTree = "<group>"; };
		C96606432114A0D000E2D38A /* en */ = {isa = PBXFileReference; lastKnownFileType = text.plist.strings; name = en; path = en.lproj/Localizable.strings; sourceTree = "<group>"; };
		C96606452114A0DF00E2D38A /* en */ = {isa = PBXFileReference; lastKnownFileType = file.xib; name = en; path = en.lproj/LaunchScreen.xib; sourceTree = "<group>"; };
		C96606472114A11600E2D38A /* nl */ = {isa = PBXFileReference; lastKnownFileType = text.plist.strings; name = nl; path = nl.lproj/LaunchScreen.strings; sourceTree = "<group>"; };
		C96606492114A12B00E2D38A /* Base */ = {isa = PBXFileReference; lastKnownFileType = file.storyboard; name = Base; path = Base.lproj/Home.storyboard; sourceTree = "<group>"; };
		C966064F2114A21700E2D38A /* ar-EG */ = {isa = PBXFileReference; lastKnownFileType = text.plist.strings; name = "ar-EG"; path = "ar-EG.lproj/LaunchScreen.strings"; sourceTree = "<group>"; };
		C99A404C21163028007B88A4 /* ar */ = {isa = PBXFileReference; lastKnownFileType = text.plist.strings; name = ar; path = ar.lproj/LaunchScreen.strings; sourceTree = "<group>"; };
		C99A404D21163028007B88A4 /* ar */ = {isa = PBXFileReference; lastKnownFileType = text.plist.strings; name = ar; path = ar.lproj/Localizable.strings; sourceTree = "<group>"; };
		C99AA05921871BBB001683B8 /* Menu.storyboard */ = {isa = PBXFileReference; lastKnownFileType = file.storyboard; path = Menu.storyboard; sourceTree = "<group>"; };
		C99AA05B21872013001683B8 /* SideMenuViewController.swift */ = {isa = PBXFileReference; fileEncoding = 4; lastKnownFileType = sourcecode.swift; path = SideMenuViewController.swift; sourceTree = "<group>"; };
		C99AA05E2187388B001683B8 /* SwiftViewController.swift */ = {isa = PBXFileReference; fileEncoding = 4; lastKnownFileType = sourcecode.swift; path = SwiftViewController.swift; sourceTree = "<group>"; };
		C99AA05F2187388B001683B8 /* JavaViewController.swift */ = {isa = PBXFileReference; fileEncoding = 4; lastKnownFileType = sourcecode.swift; path = JavaViewController.swift; sourceTree = "<group>"; };
		C99AA0602187388B001683B8 /* RubyViewController.swift */ = {isa = PBXFileReference; fileEncoding = 4; lastKnownFileType = sourcecode.swift; path = RubyViewController.swift; sourceTree = "<group>"; };
		C99AA0612187388C001683B8 /* GoViewController.swift */ = {isa = PBXFileReference; fileEncoding = 4; lastKnownFileType = sourcecode.swift; path = GoViewController.swift; sourceTree = "<group>"; };
		C99AA06D218740CD001683B8 /* SideMenuCell.swift */ = {isa = PBXFileReference; lastKnownFileType = sourcecode.swift; path = SideMenuCell.swift; sourceTree = "<group>"; };
		C99AA06E218740CD001683B8 /* SideMenuCell.xib */ = {isa = PBXFileReference; lastKnownFileType = file.xib; path = SideMenuCell.xib; sourceTree = "<group>"; };
		C99AA0802187D360001683B8 /* MyMenuItemViewController.swift */ = {isa = PBXFileReference; lastKnownFileType = sourcecode.swift; path = MyMenuItemViewController.swift; sourceTree = "<group>"; };
		C99AA0832187D3D0001683B8 /* GoViewDelegator.swift */ = {isa = PBXFileReference; lastKnownFileType = sourcecode.swift; path = GoViewDelegator.swift; sourceTree = "<group>"; };
		C99AA0852187D3E2001683B8 /* GoPresenter.swift */ = {isa = PBXFileReference; lastKnownFileType = sourcecode.swift; path = GoPresenter.swift; sourceTree = "<group>"; };
		C99AA08A21884526001683B8 /* SwiftViewDelegator.swift */ = {isa = PBXFileReference; lastKnownFileType = sourcecode.swift; path = SwiftViewDelegator.swift; sourceTree = "<group>"; };
		C99AA08C2188455E001683B8 /* SwiftPresenter.swift */ = {isa = PBXFileReference; lastKnownFileType = sourcecode.swift; path = SwiftPresenter.swift; sourceTree = "<group>"; };
		C99AA08E218845C9001683B8 /* JavaViewDelegator.swift */ = {isa = PBXFileReference; lastKnownFileType = sourcecode.swift; path = JavaViewDelegator.swift; sourceTree = "<group>"; };
		C99AA090218845E7001683B8 /* JavaPresenter.swift */ = {isa = PBXFileReference; lastKnownFileType = sourcecode.swift; path = JavaPresenter.swift; sourceTree = "<group>"; };
		C99AA09221884633001683B8 /* RubyViewDelegator.swift */ = {isa = PBXFileReference; lastKnownFileType = sourcecode.swift; path = RubyViewDelegator.swift; sourceTree = "<group>"; };
		C99AA09421884652001683B8 /* RubyPresenter.swift */ = {isa = PBXFileReference; lastKnownFileType = sourcecode.swift; path = RubyPresenter.swift; sourceTree = "<group>"; };
		C99AA097218847E4001683B8 /* SideMenuPresenter.swift */ = {isa = PBXFileReference; lastKnownFileType = sourcecode.swift; path = SideMenuPresenter.swift; sourceTree = "<group>"; };
		C99AA09921884803001683B8 /* SideMenuViewDelegator.swift */ = {isa = PBXFileReference; lastKnownFileType = sourcecode.swift; path = SideMenuViewDelegator.swift; sourceTree = "<group>"; };
		C99AA09B21884824001683B8 /* ExampleMenuModel.swift */ = {isa = PBXFileReference; lastKnownFileType = sourcecode.swift; path = ExampleMenuModel.swift; sourceTree = "<group>"; };
		C99AA0A021886120001683B8 /* MySlidingMenu.swift */ = {isa = PBXFileReference; fileEncoding = 4; lastKnownFileType = sourcecode.swift; path = MySlidingMenu.swift; sourceTree = "<group>"; };
		C99EA60020CB3D7800D7C158 /* HumanReadableErrorHandler.swift */ = {isa = PBXFileReference; fileEncoding = 4; lastKnownFileType = sourcecode.swift; path = HumanReadableErrorHandler.swift; sourceTree = "<group>"; };
		C99EA60120CB3D7800D7C158 /* APIs.swift */ = {isa = PBXFileReference; fileEncoding = 4; lastKnownFileType = sourcecode.swift; path = APIs.swift; sourceTree = "<group>"; };
		C99EA60220CB3D7800D7C158 /* API_Connector.swift */ = {isa = PBXFileReference; fileEncoding = 4; lastKnownFileType = sourcecode.swift; path = API_Connector.swift; sourceTree = "<group>"; };
		C99EA61E20CB466300D7C158 /* Country.swift */ = {isa = PBXFileReference; lastKnownFileType = sourcecode.swift; path = Country.swift; sourceTree = "<group>"; };
		C99EA63820CBECFB00D7C158 /* Storyboards.swift */ = {isa = PBXFileReference; fileEncoding = 4; lastKnownFileType = sourcecode.swift; path = Storyboards.swift; sourceTree = "<group>"; };
		C99EA63E20CBF0DB00D7C158 /* HomeVC.swift */ = {isa = PBXFileReference; lastKnownFileType = sourcecode.swift; path = HomeVC.swift; sourceTree = "<group>"; };
		C9AF5B2121599F2A00C1FED3 /* ErrorModel.swift */ = {isa = PBXFileReference; lastKnownFileType = sourcecode.swift; path = ErrorModel.swift; sourceTree = "<group>"; };
		C9CFACE8210654DA00587F66 /* MVC_View.swift */ = {isa = PBXFileReference; lastKnownFileType = sourcecode.swift; path = MVC_View.swift; sourceTree = "<group>"; };
		C9CFACEA210654FC00587F66 /* MVC_Controller.swift */ = {isa = PBXFileReference; lastKnownFileType = sourcecode.swift; path = MVC_Controller.swift; sourceTree = "<group>"; };
		E8BFEB017ECAAB4B900CC096 /* iOS_Bootstrap.podspec */ = {isa = PBXFileReference; includeInIndex = 1; lastKnownFileType = text; name = iOS_Bootstrap.podspec; path = ../iOS_Bootstrap.podspec; sourceTree = "<group>"; xcLanguageSpecificationIdentifier = xcode.lang.ruby; };
		EA97E69C3092BBDE3AC0DD10 /* LICENSE */ = {isa = PBXFileReference; includeInIndex = 1; lastKnownFileType = text; name = LICENSE; path = ../LICENSE; sourceTree = "<group>"; };
		EE1D9FD411B4C49B117C5CCA /* Pods-iOS_Bootstrap_Example.debug.xcconfig */ = {isa = PBXFileReference; includeInIndex = 1; lastKnownFileType = text.xcconfig; name = "Pods-iOS_Bootstrap_Example.debug.xcconfig"; path = "Pods/Target Support Files/Pods-iOS_Bootstrap_Example/Pods-iOS_Bootstrap_Example.debug.xcconfig"; sourceTree = "<group>"; };
/* End PBXFileReference section */

/* Begin PBXFrameworksBuildPhase section */
		607FACCD1AFB9204008FA782 /* Frameworks */ = {
			isa = PBXFrameworksBuildPhase;
			buildActionMask = 2147483647;
			files = (
				9CFC36298DCEDAF62396EF16 /* Pods_iOS_Bootstrap_Example.framework in Frameworks */,
			);
			runOnlyForDeploymentPostprocessing = 0;
		};
		607FACE21AFB9204008FA782 /* Frameworks */ = {
			isa = PBXFrameworksBuildPhase;
			buildActionMask = 2147483647;
			files = (
				1A0893A1DC765D66C155CB2A /* Pods_iOS_Bootstrap_Tests.framework in Frameworks */,
			);
			runOnlyForDeploymentPostprocessing = 0;
		};
/* End PBXFrameworksBuildPhase section */

/* Begin PBXGroup section */
		4B1F3C6F3C968722774B1DA2 /* Frameworks */ = {
			isa = PBXGroup;
			children = (
				56D137F84A69B1F899F3E224 /* Pods_iOS_Bootstrap_Example.framework */,
				030F91B99A04B8B61BBF6E44 /* Pods_iOS_Bootstrap_Tests.framework */,
			);
			name = Frameworks;
			sourceTree = "<group>";
		};
		607FACC71AFB9204008FA782 = {
			isa = PBXGroup;
			children = (
				607FACF51AFB993E008FA782 /* Podspec Metadata */,
				607FACD21AFB9204008FA782 /* Example for iOS_Bootstrap */,
				607FACE81AFB9204008FA782 /* Tests */,
				607FACD11AFB9204008FA782 /* Products */,
				C115309869B269705D17CA03 /* Pods */,
				4B1F3C6F3C968722774B1DA2 /* Frameworks */,
			);
			sourceTree = "<group>";
		};
		607FACD11AFB9204008FA782 /* Products */ = {
			isa = PBXGroup;
			children = (
				607FACD01AFB9204008FA782 /* iOS_Bootstrap_Example.app */,
				607FACE51AFB9204008FA782 /* iOS_Bootstrap_Tests.xctest */,
			);
			name = Products;
			sourceTree = "<group>";
		};
		607FACD21AFB9204008FA782 /* Example for iOS_Bootstrap */ = {
			isa = PBXGroup;
			children = (
				C99EA63820CBECFB00D7C158 /* Storyboards.swift */,
				C91FC7182113092600A199F0 /* GlobalKeys.swift */,
				C91FC7162112FE8800A199F0 /* Environment.swift */,
				C99A405121186C3F007B88A4 /* Resources */,
				C99EA61D20CB461B00D7C158 /* Models */,
				C99EA60620CB41A600D7C158 /* Networking */,
				C9C960F720FA8BA30023CDD7 /* Views */,
				607FACD31AFB9204008FA782 /* Supporting Files */,
			);
			name = "Example for iOS_Bootstrap";
			path = iOS_Bootstrap;
			sourceTree = "<group>";
		};
		607FACD31AFB9204008FA782 /* Supporting Files */ = {
			isa = PBXGroup;
			children = (
				607FACD51AFB9204008FA782 /* AppDelegate.swift */,
				607FACD41AFB9204008FA782 /* Info.plist */,
			);
			name = "Supporting Files";
			sourceTree = "<group>";
		};
		607FACE81AFB9204008FA782 /* Tests */ = {
			isa = PBXGroup;
			children = (
				607FACEB1AFB9204008FA782 /* Tests.swift */,
				607FACE91AFB9204008FA782 /* Supporting Files */,
			);
			path = Tests;
			sourceTree = "<group>";
		};
		607FACE91AFB9204008FA782 /* Supporting Files */ = {
			isa = PBXGroup;
			children = (
				607FACEA1AFB9204008FA782 /* Info.plist */,
			);
			name = "Supporting Files";
			sourceTree = "<group>";
		};
		607FACF51AFB993E008FA782 /* Podspec Metadata */ = {
			isa = PBXGroup;
			children = (
				E8BFEB017ECAAB4B900CC096 /* iOS_Bootstrap.podspec */,
				02AD38A85034A36F33A10CA8 /* README.md */,
				EA97E69C3092BBDE3AC0DD10 /* LICENSE */,
			);
			name = "Podspec Metadata";
			sourceTree = "<group>";
		};
		C115309869B269705D17CA03 /* Pods */ = {
			isa = PBXGroup;
			children = (
				EE1D9FD411B4C49B117C5CCA /* Pods-iOS_Bootstrap_Example.debug.xcconfig */,
				391E8062EDB4ACBF62F604AF /* Pods-iOS_Bootstrap_Example.release.xcconfig */,
				9CCFB36A3BA0ACD17B0068E4 /* Pods-iOS_Bootstrap_Tests.debug.xcconfig */,
				876F4E4DF9532FA87A402CC4 /* Pods-iOS_Bootstrap_Tests.release.xcconfig */,
				6EF0DDB201FCB6637EF098C8 /* Pods-iOS_Bootstrap_Example.staging.xcconfig */,
				9CD613CB2DA2C8BEF5721F8D /* Pods-iOS_Bootstrap_Tests.staging.xcconfig */,
			);
			name = Pods;
			sourceTree = "<group>";
		};
		C9555AA620E816A8007A698D /* MVP Example */ = {
			isa = PBXGroup;
			children = (
				C9555AAF20E8174B007A698D /* MyViewController.swift */,
				C9555AAB20E8171B007A698D /* MyPresenter.swift */,
				C9555AAC20E8171B007A698D /* MyViewControllerDelegator.swift */,
			);
			name = "MVP Example";
			sourceTree = "<group>";
		};
		C99A405121186C3F007B88A4 /* Resources */ = {
			isa = PBXGroup;
			children = (
				C96606402114A04C00E2D38A /* Localizable.strings */,
				607FACDC1AFB9204008FA782 /* Images.xcassets */,
			);
			name = Resources;
			sourceTree = "<group>";
		};
		C99AA066218738CA001683B8 /* Items */ = {
			isa = PBXGroup;
			children = (
				C99AA0802187D360001683B8 /* MyMenuItemViewController.swift */,
				C99AA087218844AB001683B8 /* SwiftViewController */,
				C99AA088218844E0001683B8 /* JavaViewController */,
				C99AA0822187D3AC001683B8 /* GoViewController */,
				C99AA089218844F7001683B8 /* RubyViewController */,
			);
			name = Items;
			sourceTree = "<group>";
		};
		C99AA07B21876747001683B8 /* SideMenu */ = {
			isa = PBXGroup;
			children = (
				C99AA0A021886120001683B8 /* MySlidingMenu.swift */,
				C99AA09D21884867001683B8 /* SideMenuViewController */,
				C99AA066218738CA001683B8 /* Items */,
				C99AA09B21884824001683B8 /* ExampleMenuModel.swift */,
			);
			name = SideMenu;
			sourceTree = "<group>";
		};
		C99AA0822187D3AC001683B8 /* GoViewController */ = {
			isa = PBXGroup;
			children = (
				C99AA0832187D3D0001683B8 /* GoViewDelegator.swift */,
				C99AA0852187D3E2001683B8 /* GoPresenter.swift */,
				C99AA0612187388C001683B8 /* GoViewController.swift */,
			);
			name = GoViewController;
			sourceTree = "<group>";
		};
		C99AA087218844AB001683B8 /* SwiftViewController */ = {
			isa = PBXGroup;
			children = (
				C99AA08A21884526001683B8 /* SwiftViewDelegator.swift */,
				C99AA05E2187388B001683B8 /* SwiftViewController.swift */,
				C99AA08C2188455E001683B8 /* SwiftPresenter.swift */,
			);
			name = SwiftViewController;
			sourceTree = "<group>";
		};
		C99AA088218844E0001683B8 /* JavaViewController */ = {
			isa = PBXGroup;
			children = (
				C99AA08E218845C9001683B8 /* JavaViewDelegator.swift */,
				C99AA090218845E7001683B8 /* JavaPresenter.swift */,
				C99AA05F2187388B001683B8 /* JavaViewController.swift */,
			);
			name = JavaViewController;
			sourceTree = "<group>";
		};
		C99AA089218844F7001683B8 /* RubyViewController */ = {
			isa = PBXGroup;
			children = (
				C99AA09221884633001683B8 /* RubyViewDelegator.swift */,
				C99AA09421884652001683B8 /* RubyPresenter.swift */,
				C99AA0602187388B001683B8 /* RubyViewController.swift */,
			);
			name = RubyViewController;
			sourceTree = "<group>";
		};
		C99AA09621884704001683B8 /* SideMenuCell */ = {
			isa = PBXGroup;
			children = (
				C99AA06E218740CD001683B8 /* SideMenuCell.xib */,
				C99AA06D218740CD001683B8 /* SideMenuCell.swift */,
			);
			name = SideMenuCell;
			sourceTree = "<group>";
		};
		C99AA09D21884867001683B8 /* SideMenuViewController */ = {
			isa = PBXGroup;
			children = (
				C99AA05B21872013001683B8 /* SideMenuViewController.swift */,
				C99AA097218847E4001683B8 /* SideMenuPresenter.swift */,
				C99AA09921884803001683B8 /* SideMenuViewDelegator.swift */,
				C99AA09621884704001683B8 /* SideMenuCell */,
			);
			name = SideMenuViewController;
			sourceTree = "<group>";
		};
		C99AA09E21885751001683B8 /* Storyboards + Xibs */ = {
			isa = PBXGroup;
			children = (
				607FACDE1AFB9204008FA782 /* LaunchScreen.xib */,
				607FACD91AFB9204008FA782 /* Main.storyboard */,
				C966064A2114A12B00E2D38A /* Home.storyboard */,
				C99AA05921871BBB001683B8 /* Menu.storyboard */,
			);
			name = "Storyboards + Xibs";
			sourceTree = "<group>";
		};
		C99EA60620CB41A600D7C158 /* Networking */ = {
			isa = PBXGroup;
			children = (
				C99EA60120CB3D7800D7C158 /* APIs.swift */,
				C99EA60220CB3D7800D7C158 /* API_Connector.swift */,
				C99EA60020CB3D7800D7C158 /* HumanReadableErrorHandler.swift */,
			);
			name = Networking;
			sourceTree = "<group>";
		};
		C99EA61D20CB461B00D7C158 /* Models */ = {
			isa = PBXGroup;
			children = (
				C99EA61E20CB466300D7C158 /* Country.swift */,
				C9555AB120E925AB007A698D /* Translations.swift */,
				C923619D2102AA7C00C2B630 /* User.swift */,
				C923619F2102AA9200C2B630 /* Page.swift */,
				C9AF5B2121599F2A00C1FED3 /* ErrorModel.swift */,
			);
			name = Models;
			sourceTree = "<group>";
		};
		C99EA62220CB4D5900D7C158 /* Table view adapter examples */ = {
			isa = PBXGroup;
			children = (
				C915C58C20CAAADE0029F5D9 /* TableExampleView.swift */,
				C91FC70D2111A62400A199F0 /* TableController.swift */,
				C915C59A20CAC1F10029F5D9 /* TableViewCell.swift */,
				C915C59B20CAC1F10029F5D9 /* TableViewCell.xib */,
				C9316DBD20D6717C00FB6A6A /* CountriesReusableTable.swift */,
			);
			name = "Table view adapter examples";
			sourceTree = "<group>";
		};
		C9C960F720FA8BA30023CDD7 /* Views */ = {
			isa = PBXGroup;
			children = (
				C902036E20F571C100A63492 /* Navigator.swift */,
				C99AA09E21885751001683B8 /* Storyboards + Xibs */,
				C99EA63E20CBF0DB00D7C158 /* HomeVC.swift */,
				C99AA07B21876747001683B8 /* SideMenu */,
				C99EA62220CB4D5900D7C158 /* Table view adapter examples */,
				607FACD71AFB9204008FA782 /* ViewController.swift */,
				C92361A12102B0FE00C2B630 /* UserCell.swift */,
				C92361A22102B0FE00C2B630 /* UserCell.xib */,
				C9CFACE7210652E200587F66 /* MVC-C Example */,
				C9555AA620E816A8007A698D /* MVP Example */,
			);
			name = Views;
			sourceTree = "<group>";
		};
		C9CFACE7210652E200587F66 /* MVC-C Example */ = {
			isa = PBXGroup;
			children = (
				C9CFACE8210654DA00587F66 /* MVC_View.swift */,
				C9CFACEA210654FC00587F66 /* MVC_Controller.swift */,
			);
			name = "MVC-C Example";
			sourceTree = "<group>";
		};
/* End PBXGroup section */

/* Begin PBXNativeTarget section */
		607FACCF1AFB9204008FA782 /* iOS_Bootstrap_Example */ = {
			isa = PBXNativeTarget;
			buildConfigurationList = 607FACEF1AFB9204008FA782 /* Build configuration list for PBXNativeTarget "iOS_Bootstrap_Example" */;
			buildPhases = (
				F55555E2B9AF932EFC43CCBE /* [CP] Check Pods Manifest.lock */,
				607FACCC1AFB9204008FA782 /* Sources */,
				607FACCD1AFB9204008FA782 /* Frameworks */,
				607FACCE1AFB9204008FA782 /* Resources */,
				C14F0957534A3FCD87382DAA /* [CP] Embed Pods Frameworks */,
			);
			buildRules = (
			);
			dependencies = (
			);
			name = iOS_Bootstrap_Example;
			productName = iOS_Bootstrap;
			productReference = 607FACD01AFB9204008FA782 /* iOS_Bootstrap_Example.app */;
			productType = "com.apple.product-type.application";
		};
		607FACE41AFB9204008FA782 /* iOS_Bootstrap_Tests */ = {
			isa = PBXNativeTarget;
			buildConfigurationList = 607FACF21AFB9204008FA782 /* Build configuration list for PBXNativeTarget "iOS_Bootstrap_Tests" */;
			buildPhases = (
				23A5015E1AB7A244936B9F38 /* [CP] Check Pods Manifest.lock */,
				607FACE11AFB9204008FA782 /* Sources */,
				607FACE21AFB9204008FA782 /* Frameworks */,
				607FACE31AFB9204008FA782 /* Resources */,
			);
			buildRules = (
			);
			dependencies = (
				607FACE71AFB9204008FA782 /* PBXTargetDependency */,
			);
			name = iOS_Bootstrap_Tests;
			productName = Tests;
			productReference = 607FACE51AFB9204008FA782 /* iOS_Bootstrap_Tests.xctest */;
			productType = "com.apple.product-type.bundle.unit-test";
		};
/* End PBXNativeTarget section */

/* Begin PBXProject section */
		607FACC81AFB9204008FA782 /* Project object */ = {
			isa = PBXProject;
			attributes = {
				LastSwiftUpdateCheck = 0830;
				LastUpgradeCheck = 0830;
				ORGANIZATIONNAME = CocoaPods;
				TargetAttributes = {
					607FACCF1AFB9204008FA782 = {
						CreatedOnToolsVersion = 6.3.1;
						DevelopmentTeam = GV86YZ8K5S;
						LastSwiftMigration = 0900;
					};
					607FACE41AFB9204008FA782 = {
						CreatedOnToolsVersion = 6.3.1;
						DevelopmentTeam = GV86YZ8K5S;
						LastSwiftMigration = 0900;
						TestTargetID = 607FACCF1AFB9204008FA782;
					};
				};
			};
			buildConfigurationList = 607FACCB1AFB9204008FA782 /* Build configuration list for PBXProject "iOS_Bootstrap" */;
			compatibilityVersion = "Xcode 3.2";
			developmentRegion = English;
			hasScannedForEncodings = 0;
			knownRegions = (
				Base,
				en,
				nl,
				"ar-EG",
				ar,
			);
			mainGroup = 607FACC71AFB9204008FA782;
			productRefGroup = 607FACD11AFB9204008FA782 /* Products */;
			projectDirPath = "";
			projectRoot = "";
			targets = (
				607FACCF1AFB9204008FA782 /* iOS_Bootstrap_Example */,
				607FACE41AFB9204008FA782 /* iOS_Bootstrap_Tests */,
			);
		};
/* End PBXProject section */

/* Begin PBXResourcesBuildPhase section */
		607FACCE1AFB9204008FA782 /* Resources */ = {
			isa = PBXResourcesBuildPhase;
			buildActionMask = 2147483647;
			files = (
				C92361A42102B0FE00C2B630 /* UserCell.xib in Resources */,
				607FACDB1AFB9204008FA782 /* Main.storyboard in Resources */,
				C96606482114A12B00E2D38A /* Home.storyboard in Resources */,
				C99AA070218740CD001683B8 /* SideMenuCell.xib in Resources */,
				C966063E2114A04C00E2D38A /* Localizable.strings in Resources */,
				C99AA05A21871BBB001683B8 /* Menu.storyboard in Resources */,
				C915C59D20CAC1F10029F5D9 /* TableViewCell.xib in Resources */,
				607FACE01AFB9204008FA782 /* LaunchScreen.xib in Resources */,
				607FACDD1AFB9204008FA782 /* Images.xcassets in Resources */,
			);
			runOnlyForDeploymentPostprocessing = 0;
		};
		607FACE31AFB9204008FA782 /* Resources */ = {
			isa = PBXResourcesBuildPhase;
			buildActionMask = 2147483647;
			files = (
			);
			runOnlyForDeploymentPostprocessing = 0;
		};
/* End PBXResourcesBuildPhase section */

/* Begin PBXShellScriptBuildPhase section */
		23A5015E1AB7A244936B9F38 /* [CP] Check Pods Manifest.lock */ = {
			isa = PBXShellScriptBuildPhase;
			buildActionMask = 2147483647;
			files = (
			);
			inputPaths = (
				"${PODS_PODFILE_DIR_PATH}/Podfile.lock",
				"${PODS_ROOT}/Manifest.lock",
			);
			name = "[CP] Check Pods Manifest.lock";
			outputPaths = (
				"$(DERIVED_FILE_DIR)/Pods-iOS_Bootstrap_Tests-checkManifestLockResult.txt",
			);
			runOnlyForDeploymentPostprocessing = 0;
			shellPath = /bin/sh;
			shellScript = "diff \"${PODS_PODFILE_DIR_PATH}/Podfile.lock\" \"${PODS_ROOT}/Manifest.lock\" > /dev/null\nif [ $? != 0 ] ; then\n    # print error to STDERR\n    echo \"error: The sandbox is not in sync with the Podfile.lock. Run 'pod install' or update your CocoaPods installation.\" >&2\n    exit 1\nfi\n# This output is used by Xcode 'outputs' to avoid re-running this script phase.\necho \"SUCCESS\" > \"${SCRIPT_OUTPUT_FILE_0}\"\n";
			showEnvVarsInLog = 0;
		};
		C14F0957534A3FCD87382DAA /* [CP] Embed Pods Frameworks */ = {
			isa = PBXShellScriptBuildPhase;
			buildActionMask = 2147483647;
			files = (
			);
			inputPaths = (
				"${SRCROOT}/Pods/Target Support Files/Pods-iOS_Bootstrap_Example/Pods-iOS_Bootstrap_Example-frameworks.sh",
				"${BUILT_PRODUCTS_DIR}/Alamofire/Alamofire.framework",
				"${BUILT_PRODUCTS_DIR}/HandyJSON/HandyJSON.framework",
				"${BUILT_PRODUCTS_DIR}/IQKeyboardManagerSwift/IQKeyboardManagerSwift.framework",
				"${BUILT_PRODUCTS_DIR}/Kingfisher/Kingfisher.framework",
				"${BUILT_PRODUCTS_DIR}/Moya/Moya.framework",
				"${BUILT_PRODUCTS_DIR}/Result/Result.framework",
				"${BUILT_PRODUCTS_DIR}/RxSwift/RxSwift.framework",
				"${BUILT_PRODUCTS_DIR}/SCLAlertView/SCLAlertView.framework",
				"${BUILT_PRODUCTS_DIR}/iOS_Bootstrap/iOS_Bootstrap.framework",
			);
			name = "[CP] Embed Pods Frameworks";
			outputPaths = (
				"${TARGET_BUILD_DIR}/${FRAMEWORKS_FOLDER_PATH}/Alamofire.framework",
				"${TARGET_BUILD_DIR}/${FRAMEWORKS_FOLDER_PATH}/HandyJSON.framework",
				"${TARGET_BUILD_DIR}/${FRAMEWORKS_FOLDER_PATH}/IQKeyboardManagerSwift.framework",
				"${TARGET_BUILD_DIR}/${FRAMEWORKS_FOLDER_PATH}/Kingfisher.framework",
				"${TARGET_BUILD_DIR}/${FRAMEWORKS_FOLDER_PATH}/Moya.framework",
				"${TARGET_BUILD_DIR}/${FRAMEWORKS_FOLDER_PATH}/Result.framework",
				"${TARGET_BUILD_DIR}/${FRAMEWORKS_FOLDER_PATH}/RxSwift.framework",
				"${TARGET_BUILD_DIR}/${FRAMEWORKS_FOLDER_PATH}/SCLAlertView.framework",
				"${TARGET_BUILD_DIR}/${FRAMEWORKS_FOLDER_PATH}/iOS_Bootstrap.framework",
			);
			runOnlyForDeploymentPostprocessing = 0;
			shellPath = /bin/sh;
			shellScript = "\"${SRCROOT}/Pods/Target Support Files/Pods-iOS_Bootstrap_Example/Pods-iOS_Bootstrap_Example-frameworks.sh\"\n";
			showEnvVarsInLog = 0;
		};
		F55555E2B9AF932EFC43CCBE /* [CP] Check Pods Manifest.lock */ = {
			isa = PBXShellScriptBuildPhase;
			buildActionMask = 2147483647;
			files = (
			);
			inputPaths = (
				"${PODS_PODFILE_DIR_PATH}/Podfile.lock",
				"${PODS_ROOT}/Manifest.lock",
			);
			name = "[CP] Check Pods Manifest.lock";
			outputPaths = (
				"$(DERIVED_FILE_DIR)/Pods-iOS_Bootstrap_Example-checkManifestLockResult.txt",
			);
			runOnlyForDeploymentPostprocessing = 0;
			shellPath = /bin/sh;
			shellScript = "diff \"${PODS_PODFILE_DIR_PATH}/Podfile.lock\" \"${PODS_ROOT}/Manifest.lock\" > /dev/null\nif [ $? != 0 ] ; then\n    # print error to STDERR\n    echo \"error: The sandbox is not in sync with the Podfile.lock. Run 'pod install' or update your CocoaPods installation.\" >&2\n    exit 1\nfi\n# This output is used by Xcode 'outputs' to avoid re-running this script phase.\necho \"SUCCESS\" > \"${SCRIPT_OUTPUT_FILE_0}\"\n";
			showEnvVarsInLog = 0;
		};
/* End PBXShellScriptBuildPhase section */

/* Begin PBXSourcesBuildPhase section */
		607FACCC1AFB9204008FA782 /* Sources */ = {
			isa = PBXSourcesBuildPhase;
			buildActionMask = 2147483647;
			files = (
				C915C59C20CAC1F10029F5D9 /* TableViewCell.swift in Sources */,
				C9555AB220E925AB007A698D /* Translations.swift in Sources */,
				C99EA63F20CBF0DB00D7C158 /* HomeVC.swift in Sources */,
				C9CFACEB210654FC00587F66 /* MVC_Controller.swift in Sources */,
				C915C58D20CAAADE0029F5D9 /* TableExampleView.swift in Sources */,
				C9AF5B2221599F2A00C1FED3 /* ErrorModel.swift in Sources */,
				C92361A32102B0FE00C2B630 /* UserCell.swift in Sources */,
				C99AA06F218740CD001683B8 /* SideMenuCell.swift in Sources */,
				607FACD81AFB9204008FA782 /* ViewController.swift in Sources */,
				C902036F20F571C100A63492 /* Navigator.swift in Sources */,
				C99AA0642187388C001683B8 /* RubyViewController.swift in Sources */,
				C99EA60320CB3D7900D7C158 /* HumanReadableErrorHandler.swift in Sources */,
				C923619E2102AA7C00C2B630 /* User.swift in Sources */,
				C99EA61F20CB466300D7C158 /* Country.swift in Sources */,
				C99AA0862187D3E2001683B8 /* GoPresenter.swift in Sources */,
				C99AA0A121886120001683B8 /* MySlidingMenu.swift in Sources */,
				C99AA0632187388C001683B8 /* JavaViewController.swift in Sources */,
				C99AA091218845E7001683B8 /* JavaPresenter.swift in Sources */,
				C99AA0622187388C001683B8 /* SwiftViewController.swift in Sources */,
				C99EA60420CB3D7900D7C158 /* APIs.swift in Sources */,
				C99AA09321884633001683B8 /* RubyViewDelegator.swift in Sources */,
				C99AA08B21884526001683B8 /* SwiftViewDelegator.swift in Sources */,
				C99AA08F218845C9001683B8 /* JavaViewDelegator.swift in Sources */,
				C9555AAE20E8171C007A698D /* MyViewControllerDelegator.swift in Sources */,
				C99AA09A21884803001683B8 /* SideMenuViewDelegator.swift in Sources */,
				C91FC7192113092600A199F0 /* GlobalKeys.swift in Sources */,
				C99EA63920CBECFB00D7C158 /* Storyboards.swift in Sources */,
				C9316DBE20D6717C00FB6A6A /* CountriesReusableTable.swift in Sources */,
				C99AA05C21872013001683B8 /* SideMenuViewController.swift in Sources */,
				C9555AB020E8174B007A698D /* MyViewController.swift in Sources */,
				C92361A02102AA9200C2B630 /* Page.swift in Sources */,
				607FACD61AFB9204008FA782 /* AppDelegate.swift in Sources */,
				C99AA0652187388C001683B8 /* GoViewController.swift in Sources */,
				C99AA0842187D3D0001683B8 /* GoViewDelegator.swift in Sources */,
				C99AA0812187D360001683B8 /* MyMenuItemViewController.swift in Sources */,
				C91FC70E2111A62400A199F0 /* TableController.swift in Sources */,
				C9555AAD20E8171C007A698D /* MyPresenter.swift in Sources */,
				C99AA098218847E4001683B8 /* SideMenuPresenter.swift in Sources */,
				C91FC7172112FE8800A199F0 /* Environment.swift in Sources */,
				C99AA09C21884824001683B8 /* ExampleMenuModel.swift in Sources */,
				C99EA60520CB3D7900D7C158 /* API_Connector.swift in Sources */,
				C99AA08D2188455E001683B8 /* SwiftPresenter.swift in Sources */,
				C99AA09521884652001683B8 /* RubyPresenter.swift in Sources */,
				C9CFACE9210654DA00587F66 /* MVC_View.swift in Sources */,
			);
			runOnlyForDeploymentPostprocessing = 0;
		};
		607FACE11AFB9204008FA782 /* Sources */ = {
			isa = PBXSourcesBuildPhase;
			buildActionMask = 2147483647;
			files = (
				607FACEC1AFB9204008FA782 /* Tests.swift in Sources */,
			);
			runOnlyForDeploymentPostprocessing = 0;
		};
/* End PBXSourcesBuildPhase section */

/* Begin PBXTargetDependency section */
		607FACE71AFB9204008FA782 /* PBXTargetDependency */ = {
			isa = PBXTargetDependency;
			target = 607FACCF1AFB9204008FA782 /* iOS_Bootstrap_Example */;
			targetProxy = 607FACE61AFB9204008FA782 /* PBXContainerItemProxy */;
		};
/* End PBXTargetDependency section */

/* Begin PBXVariantGroup section */
		607FACD91AFB9204008FA782 /* Main.storyboard */ = {
			isa = PBXVariantGroup;
			children = (
				607FACDA1AFB9204008FA782 /* Base */,
			);
			name = Main.storyboard;
			sourceTree = "<group>";
		};
		607FACDE1AFB9204008FA782 /* LaunchScreen.xib */ = {
			isa = PBXVariantGroup;
			children = (
				607FACDF1AFB9204008FA782 /* Base */,
				C96606452114A0DF00E2D38A /* en */,
				C96606472114A11600E2D38A /* nl */,
				C966064F2114A21700E2D38A /* ar-EG */,
				C99A404C21163028007B88A4 /* ar */,
			);
			name = LaunchScreen.xib;
			sourceTree = "<group>";
		};
		C96606402114A04C00E2D38A /* Localizable.strings */ = {
			isa = PBXVariantGroup;
			children = (
				C96606432114A0D000E2D38A /* en */,
				C94D407021162AF4002E7623 /* ar-EG */,
				C94D407821162C14002E7623 /* Base */,
				C99A404D21163028007B88A4 /* ar */,
			);
			name = Localizable.strings;
			sourceTree = "<group>";
		};
		C966064A2114A12B00E2D38A /* Home.storyboard */ = {
			isa = PBXVariantGroup;
			children = (
				C96606492114A12B00E2D38A /* Base */,
			);
			name = Home.storyboard;
			sourceTree = "<group>";
		};
/* End PBXVariantGroup section */

/* Begin XCBuildConfiguration section */
		607FACED1AFB9204008FA782 /* Debug */ = {
			isa = XCBuildConfiguration;
			buildSettings = {
				ALWAYS_SEARCH_USER_PATHS = NO;
				CLANG_ANALYZER_LOCALIZABILITY_NONLOCALIZED = YES;
				CLANG_CXX_LANGUAGE_STANDARD = "gnu++0x";
				CLANG_CXX_LIBRARY = "libc++";
				CLANG_ENABLE_MODULES = YES;
				CLANG_ENABLE_OBJC_ARC = YES;
				CLANG_WARN_BLOCK_CAPTURE_AUTORELEASING = YES;
				CLANG_WARN_BOOL_CONVERSION = YES;
				CLANG_WARN_COMMA = YES;
				CLANG_WARN_CONSTANT_CONVERSION = YES;
				CLANG_WARN_DIRECT_OBJC_ISA_USAGE = YES_ERROR;
				CLANG_WARN_EMPTY_BODY = YES;
				CLANG_WARN_ENUM_CONVERSION = YES;
				CLANG_WARN_INFINITE_RECURSION = YES;
				CLANG_WARN_INT_CONVERSION = YES;
				CLANG_WARN_NON_LITERAL_NULL_CONVERSION = YES;
				CLANG_WARN_OBJC_LITERAL_CONVERSION = YES;
				CLANG_WARN_OBJC_ROOT_CLASS = YES_ERROR;
				CLANG_WARN_RANGE_LOOP_ANALYSIS = YES;
				CLANG_WARN_STRICT_PROTOTYPES = YES;
				CLANG_WARN_SUSPICIOUS_MOVE = YES;
				CLANG_WARN_UNREACHABLE_CODE = YES;
				CLANG_WARN__DUPLICATE_METHOD_MATCH = YES;
				"CODE_SIGN_IDENTITY[sdk=iphoneos*]" = "iPhone Developer";
				COPY_PHASE_STRIP = NO;
				DEBUG_INFORMATION_FORMAT = "dwarf-with-dsym";
				ENABLE_STRICT_OBJC_MSGSEND = YES;
				ENABLE_TESTABILITY = YES;
				GCC_C_LANGUAGE_STANDARD = gnu99;
				GCC_DYNAMIC_NO_PIC = NO;
				GCC_NO_COMMON_BLOCKS = YES;
				GCC_OPTIMIZATION_LEVEL = 0;
				GCC_PREPROCESSOR_DEFINITIONS = (
					"DEBUG=1",
					"$(inherited)",
				);
				GCC_SYMBOLS_PRIVATE_EXTERN = NO;
				GCC_WARN_64_TO_32_BIT_CONVERSION = YES;
				GCC_WARN_ABOUT_RETURN_TYPE = YES_ERROR;
				GCC_WARN_UNDECLARED_SELECTOR = YES;
				GCC_WARN_UNINITIALIZED_AUTOS = YES_AGGRESSIVE;
				GCC_WARN_UNUSED_FUNCTION = YES;
				GCC_WARN_UNUSED_VARIABLE = YES;
				IPHONEOS_DEPLOYMENT_TARGET = 9.1;
				MTL_ENABLE_DEBUG_INFO = YES;
				ONLY_ACTIVE_ARCH = YES;
				SDKROOT = iphoneos;
				SWIFT_INCLUDE_PATHS = "";
				SWIFT_OPTIMIZATION_LEVEL = "-Onone";
				SWIFT_VERSION = 4.0;
			};
			name = Debug;
		};
		607FACEE1AFB9204008FA782 /* Release */ = {
			isa = XCBuildConfiguration;
			buildSettings = {
				ALWAYS_SEARCH_USER_PATHS = NO;
				CLANG_ANALYZER_LOCALIZABILITY_NONLOCALIZED = YES;
				CLANG_CXX_LANGUAGE_STANDARD = "gnu++0x";
				CLANG_CXX_LIBRARY = "libc++";
				CLANG_ENABLE_MODULES = YES;
				CLANG_ENABLE_OBJC_ARC = YES;
				CLANG_WARN_BLOCK_CAPTURE_AUTORELEASING = YES;
				CLANG_WARN_BOOL_CONVERSION = YES;
				CLANG_WARN_COMMA = YES;
				CLANG_WARN_CONSTANT_CONVERSION = YES;
				CLANG_WARN_DIRECT_OBJC_ISA_USAGE = YES_ERROR;
				CLANG_WARN_EMPTY_BODY = YES;
				CLANG_WARN_ENUM_CONVERSION = YES;
				CLANG_WARN_INFINITE_RECURSION = YES;
				CLANG_WARN_INT_CONVERSION = YES;
				CLANG_WARN_NON_LITERAL_NULL_CONVERSION = YES;
				CLANG_WARN_OBJC_LITERAL_CONVERSION = YES;
				CLANG_WARN_OBJC_ROOT_CLASS = YES_ERROR;
				CLANG_WARN_RANGE_LOOP_ANALYSIS = YES;
				CLANG_WARN_STRICT_PROTOTYPES = YES;
				CLANG_WARN_SUSPICIOUS_MOVE = YES;
				CLANG_WARN_UNREACHABLE_CODE = YES;
				CLANG_WARN__DUPLICATE_METHOD_MATCH = YES;
				"CODE_SIGN_IDENTITY[sdk=iphoneos*]" = "iPhone Developer";
				COPY_PHASE_STRIP = NO;
				DEBUG_INFORMATION_FORMAT = "dwarf-with-dsym";
				ENABLE_NS_ASSERTIONS = NO;
				ENABLE_STRICT_OBJC_MSGSEND = YES;
				GCC_C_LANGUAGE_STANDARD = gnu99;
				GCC_NO_COMMON_BLOCKS = YES;
				GCC_WARN_64_TO_32_BIT_CONVERSION = YES;
				GCC_WARN_ABOUT_RETURN_TYPE = YES_ERROR;
				GCC_WARN_UNDECLARED_SELECTOR = YES;
				GCC_WARN_UNINITIALIZED_AUTOS = YES_AGGRESSIVE;
				GCC_WARN_UNUSED_FUNCTION = YES;
				GCC_WARN_UNUSED_VARIABLE = YES;
				IPHONEOS_DEPLOYMENT_TARGET = 9.1;
				MTL_ENABLE_DEBUG_INFO = NO;
				SDKROOT = iphoneos;
				SWIFT_INCLUDE_PATHS = "";
				SWIFT_OPTIMIZATION_LEVEL = "-Owholemodule";
				SWIFT_VERSION = 4.0;
				VALIDATE_PRODUCT = YES;
			};
			name = Release;
		};
		607FACF01AFB9204008FA782 /* Debug */ = {
			isa = XCBuildConfiguration;
			baseConfigurationReference = EE1D9FD411B4C49B117C5CCA /* Pods-iOS_Bootstrap_Example.debug.xcconfig */;
			buildSettings = {
				ASSETCATALOG_COMPILER_APPICON_NAME = AppIcon;
				DEVELOPMENT_TEAM = GV86YZ8K5S;
				INFOPLIST_FILE = iOS_Bootstrap/Info.plist;
				IPHONEOS_DEPLOYMENT_TARGET = 9.1;
				LD_RUNPATH_SEARCH_PATHS = "$(inherited) @executable_path/Frameworks";
				MODULE_NAME = ExampleApp;
				PRODUCT_BUNDLE_IDENTIFIER = "org.cocoapods.demo.$(PRODUCT_NAME:rfc1034identifier)";
				PRODUCT_NAME = "$(TARGET_NAME)";
				SWIFT_OBJC_BRIDGING_HEADER = "";
				SWIFT_SWIFT3_OBJC_INFERENCE = Default;
				SWIFT_VERSION = 4.0;
				TARGETED_DEVICE_FAMILY = "1,2";
			};
			name = Debug;
		};
		607FACF11AFB9204008FA782 /* Release */ = {
			isa = XCBuildConfiguration;
			baseConfigurationReference = 391E8062EDB4ACBF62F604AF /* Pods-iOS_Bootstrap_Example.release.xcconfig */;
			buildSettings = {
				ASSETCATALOG_COMPILER_APPICON_NAME = AppIcon;
				DEVELOPMENT_TEAM = GV86YZ8K5S;
				INFOPLIST_FILE = iOS_Bootstrap/Info.plist;
				IPHONEOS_DEPLOYMENT_TARGET = 9.1;
				LD_RUNPATH_SEARCH_PATHS = "$(inherited) @executable_path/Frameworks";
				MODULE_NAME = ExampleApp;
				PRODUCT_BUNDLE_IDENTIFIER = "org.cocoapods.demo.$(PRODUCT_NAME:rfc1034identifier)";
				PRODUCT_NAME = "$(TARGET_NAME)";
				SWIFT_OBJC_BRIDGING_HEADER = "";
				SWIFT_SWIFT3_OBJC_INFERENCE = Default;
				SWIFT_VERSION = 4.0;
				TARGETED_DEVICE_FAMILY = "1,2";
			};
			name = Release;
		};
		607FACF31AFB9204008FA782 /* Debug */ = {
			isa = XCBuildConfiguration;
			baseConfigurationReference = 9CCFB36A3BA0ACD17B0068E4 /* Pods-iOS_Bootstrap_Tests.debug.xcconfig */;
			buildSettings = {
				DEVELOPMENT_TEAM = GV86YZ8K5S;
				FRAMEWORK_SEARCH_PATHS = "$(inherited)";
				GCC_PREPROCESSOR_DEFINITIONS = (
					"DEBUG=1",
					"$(inherited)",
				);
				INFOPLIST_FILE = Tests/Info.plist;
				LD_RUNPATH_SEARCH_PATHS = "$(inherited) @executable_path/Frameworks @loader_path/Frameworks";
				PRODUCT_BUNDLE_IDENTIFIER = "org.cocoapods.$(PRODUCT_NAME:rfc1034identifier)";
				PRODUCT_NAME = "$(TARGET_NAME)";
				SWIFT_SWIFT3_OBJC_INFERENCE = Default;
				SWIFT_VERSION = 4.0;
				TEST_HOST = "$(BUILT_PRODUCTS_DIR)/iOS_Bootstrap_Example.app/iOS_Bootstrap_Example";
			};
			name = Debug;
		};
		607FACF41AFB9204008FA782 /* Release */ = {
			isa = XCBuildConfiguration;
			baseConfigurationReference = 876F4E4DF9532FA87A402CC4 /* Pods-iOS_Bootstrap_Tests.release.xcconfig */;
			buildSettings = {
				DEVELOPMENT_TEAM = GV86YZ8K5S;
				FRAMEWORK_SEARCH_PATHS = "$(inherited)";
				INFOPLIST_FILE = Tests/Info.plist;
				LD_RUNPATH_SEARCH_PATHS = "$(inherited) @executable_path/Frameworks @loader_path/Frameworks";
				PRODUCT_BUNDLE_IDENTIFIER = "org.cocoapods.$(PRODUCT_NAME:rfc1034identifier)";
				PRODUCT_NAME = "$(TARGET_NAME)";
				SWIFT_SWIFT3_OBJC_INFERENCE = Default;
				SWIFT_VERSION = 4.0;
				TEST_HOST = "$(BUILT_PRODUCTS_DIR)/iOS_Bootstrap_Example.app/iOS_Bootstrap_Example";
			};
			name = Release;
		};
		C91FC7132112FD5C00A199F0 /* Staging */ = {
			isa = XCBuildConfiguration;
			buildSettings = {
				ALWAYS_SEARCH_USER_PATHS = NO;
				CLANG_ANALYZER_LOCALIZABILITY_NONLOCALIZED = YES;
				CLANG_CXX_LANGUAGE_STANDARD = "gnu++0x";
				CLANG_CXX_LIBRARY = "libc++";
				CLANG_ENABLE_MODULES = YES;
				CLANG_ENABLE_OBJC_ARC = YES;
				CLANG_WARN_BLOCK_CAPTURE_AUTORELEASING = YES;
				CLANG_WARN_BOOL_CONVERSION = YES;
				CLANG_WARN_COMMA = YES;
				CLANG_WARN_CONSTANT_CONVERSION = YES;
				CLANG_WARN_DIRECT_OBJC_ISA_USAGE = YES_ERROR;
				CLANG_WARN_EMPTY_BODY = YES;
				CLANG_WARN_ENUM_CONVERSION = YES;
				CLANG_WARN_INFINITE_RECURSION = YES;
				CLANG_WARN_INT_CONVERSION = YES;
				CLANG_WARN_NON_LITERAL_NULL_CONVERSION = YES;
				CLANG_WARN_OBJC_LITERAL_CONVERSION = YES;
				CLANG_WARN_OBJC_ROOT_CLASS = YES_ERROR;
				CLANG_WARN_RANGE_LOOP_ANALYSIS = YES;
				CLANG_WARN_STRICT_PROTOTYPES = YES;
				CLANG_WARN_SUSPICIOUS_MOVE = YES;
				CLANG_WARN_UNREACHABLE_CODE = YES;
				CLANG_WARN__DUPLICATE_METHOD_MATCH = YES;
				"CODE_SIGN_IDENTITY[sdk=iphoneos*]" = "iPhone Developer";
				COPY_PHASE_STRIP = NO;
				DEBUG_INFORMATION_FORMAT = "dwarf-with-dsym";
				ENABLE_STRICT_OBJC_MSGSEND = YES;
				ENABLE_TESTABILITY = YES;
				GCC_C_LANGUAGE_STANDARD = gnu99;
				GCC_DYNAMIC_NO_PIC = NO;
				GCC_NO_COMMON_BLOCKS = YES;
				GCC_OPTIMIZATION_LEVEL = 0;
				GCC_PREPROCESSOR_DEFINITIONS = (
					"DEBUG=1",
					"$(inherited)",
				);
				GCC_SYMBOLS_PRIVATE_EXTERN = NO;
				GCC_WARN_64_TO_32_BIT_CONVERSION = YES;
				GCC_WARN_ABOUT_RETURN_TYPE = YES_ERROR;
				GCC_WARN_UNDECLARED_SELECTOR = YES;
				GCC_WARN_UNINITIALIZED_AUTOS = YES_AGGRESSIVE;
				GCC_WARN_UNUSED_FUNCTION = YES;
				GCC_WARN_UNUSED_VARIABLE = YES;
				IPHONEOS_DEPLOYMENT_TARGET = 9.1;
				MTL_ENABLE_DEBUG_INFO = YES;
				ONLY_ACTIVE_ARCH = YES;
				SDKROOT = iphoneos;
				SWIFT_INCLUDE_PATHS = "";
				SWIFT_OPTIMIZATION_LEVEL = "-Onone";
				SWIFT_VERSION = 4.0;
			};
			name = Staging;
		};
		C91FC7142112FD5C00A199F0 /* Staging */ = {
			isa = XCBuildConfiguration;
			baseConfigurationReference = 6EF0DDB201FCB6637EF098C8 /* Pods-iOS_Bootstrap_Example.staging.xcconfig */;
			buildSettings = {
				ASSETCATALOG_COMPILER_APPICON_NAME = AppIcon;
				DEVELOPMENT_TEAM = GV86YZ8K5S;
				INFOPLIST_FILE = iOS_Bootstrap/Info.plist;
				IPHONEOS_DEPLOYMENT_TARGET = 9.1;
				LD_RUNPATH_SEARCH_PATHS = "$(inherited) @executable_path/Frameworks";
				MODULE_NAME = ExampleApp;
				PRODUCT_BUNDLE_IDENTIFIER = "org.cocoapods.demo.$(PRODUCT_NAME:rfc1034identifier)";
				PRODUCT_NAME = "$(TARGET_NAME)";
				SWIFT_OBJC_BRIDGING_HEADER = "";
				SWIFT_SWIFT3_OBJC_INFERENCE = Default;
				SWIFT_VERSION = 4.0;
				TARGETED_DEVICE_FAMILY = "1,2";
			};
			name = Staging;
		};
		C91FC7152112FD5C00A199F0 /* Staging */ = {
			isa = XCBuildConfiguration;
			baseConfigurationReference = 9CD613CB2DA2C8BEF5721F8D /* Pods-iOS_Bootstrap_Tests.staging.xcconfig */;
			buildSettings = {
				DEVELOPMENT_TEAM = GV86YZ8K5S;
				FRAMEWORK_SEARCH_PATHS = "$(inherited)";
				GCC_PREPROCESSOR_DEFINITIONS = (
					"DEBUG=1",
					"$(inherited)",
				);
				INFOPLIST_FILE = Tests/Info.plist;
				LD_RUNPATH_SEARCH_PATHS = "$(inherited) @executable_path/Frameworks @loader_path/Frameworks";
				PRODUCT_BUNDLE_IDENTIFIER = "org.cocoapods.$(PRODUCT_NAME:rfc1034identifier)";
				PRODUCT_NAME = "$(TARGET_NAME)";
				SWIFT_SWIFT3_OBJC_INFERENCE = Default;
				SWIFT_VERSION = 4.0;
				TEST_HOST = "$(BUILT_PRODUCTS_DIR)/iOS_Bootstrap_Example.app/iOS_Bootstrap_Example";
			};
			name = Staging;
		};
/* End XCBuildConfiguration section */

/* Begin XCConfigurationList section */
		607FACCB1AFB9204008FA782 /* Build configuration list for PBXProject "iOS_Bootstrap" */ = {
			isa = XCConfigurationList;
			buildConfigurations = (
				607FACED1AFB9204008FA782 /* Debug */,
				C91FC7132112FD5C00A199F0 /* Staging */,
				607FACEE1AFB9204008FA782 /* Release */,
			);
			defaultConfigurationIsVisible = 0;
			defaultConfigurationName = Release;
		};
		607FACEF1AFB9204008FA782 /* Build configuration list for PBXNativeTarget "iOS_Bootstrap_Example" */ = {
			isa = XCConfigurationList;
			buildConfigurations = (
				607FACF01AFB9204008FA782 /* Debug */,
				C91FC7142112FD5C00A199F0 /* Staging */,
				607FACF11AFB9204008FA782 /* Release */,
			);
			defaultConfigurationIsVisible = 0;
			defaultConfigurationName = Release;
		};
		607FACF21AFB9204008FA782 /* Build configuration list for PBXNativeTarget "iOS_Bootstrap_Tests" */ = {
			isa = XCConfigurationList;
			buildConfigurations = (
				607FACF31AFB9204008FA782 /* Debug */,
				C91FC7152112FD5C00A199F0 /* Staging */,
				607FACF41AFB9204008FA782 /* Release */,
			);
			defaultConfigurationIsVisible = 0;
			defaultConfigurationName = Release;
		};
/* End XCConfigurationList section */
	};
	rootObject = 607FACC81AFB9204008FA782 /* Project object */;
}
